
Microsoft Visual Studio Solution File, Format Version 12.00
# Visual Studio Version 17
VisualStudioVersion = 17.14.36408.4 d17.14
MinimumVisualStudioVersion = 10.0.40219.1
Project("{FAE04EC0-301F-11D3-BF4B-00C04F79EFBC}") = "vaultx", "vaultx.csproj", "{C2520909-97C0-42A2-BB27-DB3E1C3C2E40}"
EndProject
Global
	GlobalSection(SolutionConfigurationPlatforms) = preSolution
		Debug|Any CPU = Debug|Any CPU
		Release|Any CPU = Release|Any CPU
	EndGlobalSection
	GlobalSection(ProjectConfigurationPlatforms) = postSolution
		{C2520909-97C0-42A2-BB27-DB3E1C3C2E40}.Debug|Any CPU.ActiveCfg = Debug|Any CPU
		{C2520909-97C0-42A2-BB27-DB3E1C3C2E40}.Debug|Any CPU.Build.0 = Debug|Any CPU
		{C2520909-97C0-42A2-BB27-DB3E1C3C2E40}.Release|Any CPU.ActiveCfg = Release|Any CPU
		{C2520909-97C0-42A2-BB27-DB3E1C3C2E40}.Release|Any CPU.Build.0 = Release|Any CPU
	EndGlobalSection
	GlobalSection(SolutionProperties) = preSolution
		HideSolutionNode = FALSE
	EndGlobalSection
	GlobalSection(ExtensibilityGlobals) = postSolution
		SolutionGuid = {6C26D741-D58E-464D-AAAF-8FDC671AC4C6}
	EndGlobalSection
EndGlobal
